// !$*UTF8*$!
{
	archiveVersion = 1;
	classes = {
	};
	objectVersion = 51;
	objects = {

/* Begin PBXBuildFile section */
		241A9DDE6D6230CF64AB55FC /* Pods_Instagram_Lab.framework in Frameworks */ = {isa = PBXBuildFile; fileRef = 7EA6FFA5D9D3A90098404D0C /* Pods_Instagram_Lab.framework */; };
		5211452A2415477300758611 /* GoogleService-Info.plist in Resources */ = {isa = PBXBuildFile; fileRef = 521145292415477300758611 /* GoogleService-Info.plist */; };
		5224F9682415522F00B124F4 /* Login.storyboard in Resources */ = {isa = PBXBuildFile; fileRef = 5224F9672415522F00B124F4 /* Login.storyboard */; };
		5224F96A2415524D00B124F4 /* LoginVC.swift in Sources */ = {isa = PBXBuildFile; fileRef = 5224F9692415524D00B124F4 /* LoginVC.swift */; };
		5224F96C2415526200B124F4 /* AuthServices.swift in Sources */ = {isa = PBXBuildFile; fileRef = 5224F96B2415526200B124F4 /* AuthServices.swift */; };
		5224F96E2415527200B124F4 /* DatabaseServices.swift in Sources */ = {isa = PBXBuildFile; fileRef = 5224F96D2415527200B124F4 /* DatabaseServices.swift */; };
		5224F9702415528100B124F4 /* StorageServices.swift in Sources */ = {isa = PBXBuildFile; fileRef = 5224F96F2415528100B124F4 /* StorageServices.swift */; };
		5224F972241552C200B124F4 /* UIImage.swift in Sources */ = {isa = PBXBuildFile; fileRef = 5224F971241552C200B124F4 /* UIImage.swift */; };
		5224F9742415538900B124F4 /* InstaModel.swift in Sources */ = {isa = PBXBuildFile; fileRef = 5224F9732415538900B124F4 /* InstaModel.swift */; };
		5224F9772415579C00B124F4 /* camera.json in Resources */ = {isa = PBXBuildFile; fileRef = 5224F9762415579C00B124F4 /* camera.json */; };
		5224F97924155AAB00B124F4 /* UIVC.swift in Sources */ = {isa = PBXBuildFile; fileRef = 5224F97824155AAB00B124F4 /* UIVC.swift */; };
		5224F97D24155B3300B124F4 /* MainTab.swift in Sources */ = {isa = PBXBuildFile; fileRef = 5224F97C24155B3300B124F4 /* MainTab.swift */; };
		5224F97F2415A6E400B124F4 /* Alerts.swift in Sources */ = {isa = PBXBuildFile; fileRef = 5224F97E2415A6E400B124F4 /* Alerts.swift */; };
		5224F9812415A8D100B124F4 /* FeedVC.swift in Sources */ = {isa = PBXBuildFile; fileRef = 5224F9802415A8D100B124F4 /* FeedVC.swift */; };
		5224F9832415A8E000B124F4 /* UploadVC.swift in Sources */ = {isa = PBXBuildFile; fileRef = 5224F9822415A8E000B124F4 /* UploadVC.swift */; };
		5224F9852415A8F900B124F4 /* ProfileVC.swift in Sources */ = {isa = PBXBuildFile; fileRef = 5224F9842415A8F900B124F4 /* ProfileVC.swift */; };
		5224F9882415AEFF00B124F4 /* Glitch Label.swift in Sources */ = {isa = PBXBuildFile; fileRef = 5224F9872415AEFF00B124F4 /* Glitch Label.swift */; };
		5224F98A2415C58700B124F4 /* FeedCell.swift in Sources */ = {isa = PBXBuildFile; fileRef = 5224F9892415C58700B124F4 /* FeedCell.swift */; };
		5224F98C2415C5DB00B124F4 /* Designable.swift in Sources */ = {isa = PBXBuildFile; fileRef = 5224F98B2415C5DB00B124F4 /* Designable.swift */; };
		52CF60192411A89D00F842C4 /* AppDelegate.swift in Sources */ = {isa = PBXBuildFile; fileRef = 52CF60182411A89D00F842C4 /* AppDelegate.swift */; };
		52CF601B2411A89D00F842C4 /* SceneDelegate.swift in Sources */ = {isa = PBXBuildFile; fileRef = 52CF601A2411A89D00F842C4 /* SceneDelegate.swift */; };
		52CF60202411A89D00F842C4 /* Main.storyboard in Resources */ = {isa = PBXBuildFile; fileRef = 52CF601E2411A89D00F842C4 /* Main.storyboard */; };
		52CF60222411A8A800F842C4 /* Assets.xcassets in Resources */ = {isa = PBXBuildFile; fileRef = 52CF60212411A8A800F842C4 /* Assets.xcassets */; };
		52CF60252411A8A800F842C4 /* LaunchScreen.storyboard in Resources */ = {isa = PBXBuildFile; fileRef = 52CF60232411A8A800F842C4 /* LaunchScreen.storyboard */; };
/* End PBXBuildFile section */

/* Begin PBXFileReference section */
		521145292415477300758611 /* GoogleService-Info.plist */ = {isa = PBXFileReference; fileEncoding = 4; lastKnownFileType = text.plist.xml; path = "GoogleService-Info.plist"; sourceTree = "<group>"; };
		5224F9672415522F00B124F4 /* Login.storyboard */ = {isa = PBXFileReference; lastKnownFileType = file.storyboard; path = Login.storyboard; sourceTree = "<group>"; };
		5224F9692415524D00B124F4 /* LoginVC.swift */ = {isa = PBXFileReference; lastKnownFileType = sourcecode.swift; path = LoginVC.swift; sourceTree = "<group>"; };
		5224F96B2415526200B124F4 /* AuthServices.swift */ = {isa = PBXFileReference; lastKnownFileType = sourcecode.swift; path = AuthServices.swift; sourceTree = "<group>"; };
		5224F96D2415527200B124F4 /* DatabaseServices.swift */ = {isa = PBXFileReference; lastKnownFileType = sourcecode.swift; path = DatabaseServices.swift; sourceTree = "<group>"; };
		5224F96F2415528100B124F4 /* StorageServices.swift */ = {isa = PBXFileReference; lastKnownFileType = sourcecode.swift; path = StorageServices.swift; sourceTree = "<group>"; };
		5224F971241552C200B124F4 /* UIImage.swift */ = {isa = PBXFileReference; lastKnownFileType = sourcecode.swift; path = UIImage.swift; sourceTree = "<group>"; };
		5224F9732415538900B124F4 /* InstaModel.swift */ = {isa = PBXFileReference; lastKnownFileType = sourcecode.swift; path = InstaModel.swift; sourceTree = "<group>"; };
		5224F9762415579C00B124F4 /* camera.json */ = {isa = PBXFileReference; fileEncoding = 4; lastKnownFileType = text.json; path = camera.json; sourceTree = "<group>"; };
		5224F97824155AAB00B124F4 /* UIVC.swift */ = {isa = PBXFileReference; lastKnownFileType = sourcecode.swift; path = UIVC.swift; sourceTree = "<group>"; };
		5224F97C24155B3300B124F4 /* MainTab.swift */ = {isa = PBXFileReference; lastKnownFileType = sourcecode.swift; path = MainTab.swift; sourceTree = "<group>"; };
		5224F97E2415A6E400B124F4 /* Alerts.swift */ = {isa = PBXFileReference; lastKnownFileType = sourcecode.swift; path = Alerts.swift; sourceTree = "<group>"; };
		5224F9802415A8D100B124F4 /* FeedVC.swift */ = {isa = PBXFileReference; lastKnownFileType = sourcecode.swift; path = FeedVC.swift; sourceTree = "<group>"; };
		5224F9822415A8E000B124F4 /* UploadVC.swift */ = {isa = PBXFileReference; lastKnownFileType = sourcecode.swift; path = UploadVC.swift; sourceTree = "<group>"; };
		5224F9842415A8F900B124F4 /* ProfileVC.swift */ = {isa = PBXFileReference; lastKnownFileType = sourcecode.swift; path = ProfileVC.swift; sourceTree = "<group>"; };
		5224F9872415AEFF00B124F4 /* Glitch Label.swift */ = {isa = PBXFileReference; lastKnownFileType = sourcecode.swift; path = "Glitch Label.swift"; sourceTree = "<group>"; };
		5224F9892415C58700B124F4 /* FeedCell.swift */ = {isa = PBXFileReference; lastKnownFileType = sourcecode.swift; path = FeedCell.swift; sourceTree = "<group>"; };
		5224F98B2415C5DB00B124F4 /* Designable.swift */ = {isa = PBXFileReference; lastKnownFileType = sourcecode.swift; path = Designable.swift; sourceTree = "<group>"; };
		52CF60152411A89D00F842C4 /* Instagram Lab.app */ = {isa = PBXFileReference; explicitFileType = wrapper.application; includeInIndex = 0; path = "Instagram Lab.app"; sourceTree = BUILT_PRODUCTS_DIR; };
		52CF60182411A89D00F842C4 /* AppDelegate.swift */ = {isa = PBXFileReference; lastKnownFileType = sourcecode.swift; path = AppDelegate.swift; sourceTree = "<group>"; };
		52CF601A2411A89D00F842C4 /* SceneDelegate.swift */ = {isa = PBXFileReference; lastKnownFileType = sourcecode.swift; path = SceneDelegate.swift; sourceTree = "<group>"; };
		52CF601F2411A89D00F842C4 /* Base */ = {isa = PBXFileReference; lastKnownFileType = file.storyboard; name = Base; path = Base.lproj/Main.storyboard; sourceTree = "<group>"; };
		52CF60212411A8A800F842C4 /* Assets.xcassets */ = {isa = PBXFileReference; lastKnownFileType = folder.assetcatalog; path = Assets.xcassets; sourceTree = "<group>"; };
		52CF60242411A8A800F842C4 /* Base */ = {isa = PBXFileReference; lastKnownFileType = file.storyboard; name = Base; path = Base.lproj/LaunchScreen.storyboard; sourceTree = "<group>"; };
		52CF60262411A8A800F842C4 /* Info.plist */ = {isa = PBXFileReference; lastKnownFileType = text.plist.xml; path = Info.plist; sourceTree = "<group>"; };
		7EA6FFA5D9D3A90098404D0C /* Pods_Instagram_Lab.framework */ = {isa = PBXFileReference; explicitFileType = wrapper.framework; includeInIndex = 0; path = Pods_Instagram_Lab.framework; sourceTree = BUILT_PRODUCTS_DIR; };
		A97D530782706DA49E5B02DA /* Pods-Instagram Lab.release.xcconfig */ = {isa = PBXFileReference; includeInIndex = 1; lastKnownFileType = text.xcconfig; name = "Pods-Instagram Lab.release.xcconfig"; path = "Target Support Files/Pods-Instagram Lab/Pods-Instagram Lab.release.xcconfig"; sourceTree = "<group>"; };
		F2A9792D85E743297DC13FC0 /* Pods-Instagram Lab.debug.xcconfig */ = {isa = PBXFileReference; includeInIndex = 1; lastKnownFileType = text.xcconfig; name = "Pods-Instagram Lab.debug.xcconfig"; path = "Target Support Files/Pods-Instagram Lab/Pods-Instagram Lab.debug.xcconfig"; sourceTree = "<group>"; };
/* End PBXFileReference section */

/* Begin PBXFrameworksBuildPhase section */
		52CF60122411A89D00F842C4 /* Frameworks */ = {
			isa = PBXFrameworksBuildPhase;
			buildActionMask = 2147483647;
			files = (
				241A9DDE6D6230CF64AB55FC /* Pods_Instagram_Lab.framework in Frameworks */,
			);
			runOnlyForDeploymentPostprocessing = 0;
		};
/* End PBXFrameworksBuildPhase section */

/* Begin PBXGroup section */
		52114524241545EC00758611 /* VIew Controllers */ = {
			isa = PBXGroup;
			children = (
				5224F9692415524D00B124F4 /* LoginVC.swift */,
				5224F97C24155B3300B124F4 /* MainTab.swift */,
				5224F9802415A8D100B124F4 /* FeedVC.swift */,
				5224F9822415A8E000B124F4 /* UploadVC.swift */,
				5224F9842415A8F900B124F4 /* ProfileVC.swift */,
			);
			path = "VIew Controllers";
			sourceTree = "<group>";
		};
		52114525241545F800758611 /* Extensions */ = {
			isa = PBXGroup;
			children = (
				5224F971241552C200B124F4 /* UIImage.swift */,
				5224F97824155AAB00B124F4 /* UIVC.swift */,
				5224F97E2415A6E400B124F4 /* Alerts.swift */,
				5224F9872415AEFF00B124F4 /* Glitch Label.swift */,
				5224F98B2415C5DB00B124F4 /* Designable.swift */,
			);
			path = Extensions;
			sourceTree = "<group>";
		};
		52114526241545FF00758611 /* Services */ = {
			isa = PBXGroup;
			children = (
				5224F96B2415526200B124F4 /* AuthServices.swift */,
				5224F96D2415527200B124F4 /* DatabaseServices.swift */,
				5224F96F2415528100B124F4 /* StorageServices.swift */,
			);
			path = Services;
			sourceTree = "<group>";
		};
		521145272415461A00758611 /* Model */ = {
			isa = PBXGroup;
			children = (
				5224F9732415538900B124F4 /* InstaModel.swift */,
			);
			path = Model;
			sourceTree = "<group>";
		};
		521145282415461F00758611 /* Storyboards */ = {
			isa = PBXGroup;
			children = (
				52CF601E2411A89D00F842C4 /* Main.storyboard */,
				5224F9672415522F00B124F4 /* Login.storyboard */,
			);
			path = Storyboards;
			sourceTree = "<group>";
		};
		5224F975241556E700B124F4 /* json */ = {
			isa = PBXGroup;
			children = (
				5224F9762415579C00B124F4 /* camera.json */,
			);
			path = json;
			sourceTree = "<group>";
		};
		5224F9862415A90C00B124F4 /* Views */ = {
			isa = PBXGroup;
			children = (
				5224F9892415C58700B124F4 /* FeedCell.swift */,
			);
			path = Views;
			sourceTree = "<group>";
		};
		52CF600C2411A89D00F842C4 = {
			isa = PBXGroup;
			children = (
				52CF60172411A89D00F842C4 /* Instagram Lab */,
				52CF60162411A89D00F842C4 /* Products */,
				76C4CA34CCDA8356F8BF037B /* Pods */,
				D902EEB7CECDD68FCB4D33B1 /* Frameworks */,
			);
			sourceTree = "<group>";
		};
		52CF60162411A89D00F842C4 /* Products */ = {
			isa = PBXGroup;
			children = (
				52CF60152411A89D00F842C4 /* Instagram Lab.app */,
			);
			name = Products;
			sourceTree = "<group>";
		};
		52CF60172411A89D00F842C4 /* Instagram Lab */ = {
			isa = PBXGroup;
			children = (
				5224F975241556E700B124F4 /* json */,
				521145272415461A00758611 /* Model */,
				52114526241545FF00758611 /* Services */,
				5224F9862415A90C00B124F4 /* Views */,
				52114524241545EC00758611 /* VIew Controllers */,
				521145282415461F00758611 /* Storyboards */,
				52114525241545F800758611 /* Extensions */,
				52CF60182411A89D00F842C4 /* AppDelegate.swift */,
				52CF601A2411A89D00F842C4 /* SceneDelegate.swift */,
				52CF60212411A8A800F842C4 /* Assets.xcassets */,
				52CF60232411A8A800F842C4 /* LaunchScreen.storyboard */,
				52CF60262411A8A800F842C4 /* Info.plist */,
				521145292415477300758611 /* GoogleService-Info.plist */,
			);
			path = "Instagram Lab";
			sourceTree = "<group>";
		};
		76C4CA34CCDA8356F8BF037B /* Pods */ = {
			isa = PBXGroup;
			children = (
				F2A9792D85E743297DC13FC0 /* Pods-Instagram Lab.debug.xcconfig */,
				A97D530782706DA49E5B02DA /* Pods-Instagram Lab.release.xcconfig */,
			);
			path = Pods;
			sourceTree = "<group>";
		};
		D902EEB7CECDD68FCB4D33B1 /* Frameworks */ = {
			isa = PBXGroup;
			children = (
				7EA6FFA5D9D3A90098404D0C /* Pods_Instagram_Lab.framework */,
			);
			name = Frameworks;
			sourceTree = "<group>";
		};
/* End PBXGroup section */

/* Begin PBXNativeTarget section */
		52CF60142411A89D00F842C4 /* Instagram Lab */ = {
			isa = PBXNativeTarget;
			buildConfigurationList = 52CF60292411A8A800F842C4 /* Build configuration list for PBXNativeTarget "Instagram Lab" */;
			buildPhases = (
				56203B88930E062CFBB62F98 /* [CP] Check Pods Manifest.lock */,
				52CF60112411A89D00F842C4 /* Sources */,
				52CF60122411A89D00F842C4 /* Frameworks */,
				52CF60132411A89D00F842C4 /* Resources */,
				50F9FDD10F65BBE568CC11EF /* [CP] Embed Pods Frameworks */,
			);
			buildRules = (
			);
			dependencies = (
			);
			name = "Instagram Lab";
			productName = "Instagram Lab";
			productReference = 52CF60152411A89D00F842C4 /* Instagram Lab.app */;
			productType = "com.apple.product-type.application";
		};
/* End PBXNativeTarget section */

/* Begin PBXProject section */
		52CF600D2411A89D00F842C4 /* Project object */ = {
			isa = PBXProject;
			attributes = {
				LastSwiftUpdateCheck = 1130;
				LastUpgradeCheck = 1130;
				ORGANIZATIONNAME = "Tsering Lama";
				TargetAttributes = {
					52CF60142411A89D00F842C4 = {
						CreatedOnToolsVersion = 11.3.1;
					};
				};
			};
			buildConfigurationList = 52CF60102411A89D00F842C4 /* Build configuration list for PBXProject "Instagram Lab" */;
			compatibilityVersion = "Xcode 9.3";
			developmentRegion = en;
			hasScannedForEncodings = 0;
			knownRegions = (
				en,
				Base,
			);
			mainGroup = 52CF600C2411A89D00F842C4;
			productRefGroup = 52CF60162411A89D00F842C4 /* Products */;
			projectDirPath = "";
			projectRoot = "";
			targets = (
				52CF60142411A89D00F842C4 /* Instagram Lab */,
			);
		};
/* End PBXProject section */

/* Begin PBXResourcesBuildPhase section */
		52CF60132411A89D00F842C4 /* Resources */ = {
			isa = PBXResourcesBuildPhase;
			buildActionMask = 2147483647;
			files = (
				52CF60252411A8A800F842C4 /* LaunchScreen.storyboard in Resources */,
				5211452A2415477300758611 /* GoogleService-Info.plist in Resources */,
				52CF60222411A8A800F842C4 /* Assets.xcassets in Resources */,
				5224F9682415522F00B124F4 /* Login.storyboard in Resources */,
				52CF60202411A89D00F842C4 /* Main.storyboard in Resources */,
				5224F9772415579C00B124F4 /* camera.json in Resources */,
			);
			runOnlyForDeploymentPostprocessing = 0;
		};
/* End PBXResourcesBuildPhase section */

/* Begin PBXShellScriptBuildPhase section */
		50F9FDD10F65BBE568CC11EF /* [CP] Embed Pods Frameworks */ = {
			isa = PBXShellScriptBuildPhase;
			buildActionMask = 2147483647;
			files = (
			);
			inputFileListPaths = (
				"${PODS_ROOT}/Target Support Files/Pods-Instagram Lab/Pods-Instagram Lab-frameworks-${CONFIGURATION}-input-files.xcfilelist",
			);
			name = "[CP] Embed Pods Frameworks";
			outputFileListPaths = (
				"${PODS_ROOT}/Target Support Files/Pods-Instagram Lab/Pods-Instagram Lab-frameworks-${CONFIGURATION}-output-files.xcfilelist",
			);
			runOnlyForDeploymentPostprocessing = 0;
			shellPath = /bin/sh;
			shellScript = "\"${PODS_ROOT}/Target Support Files/Pods-Instagram Lab/Pods-Instagram Lab-frameworks.sh\"\n";
			showEnvVarsInLog = 0;
		};
		56203B88930E062CFBB62F98 /* [CP] Check Pods Manifest.lock */ = {
			isa = PBXShellScriptBuildPhase;
			buildActionMask = 2147483647;
			files = (
			);
			inputFileListPaths = (
			);
			inputPaths = (
				"${PODS_PODFILE_DIR_PATH}/Podfile.lock",
				"${PODS_ROOT}/Manifest.lock",
			);
			name = "[CP] Check Pods Manifest.lock";
			outputFileListPaths = (
			);
			outputPaths = (
				"$(DERIVED_FILE_DIR)/Pods-Instagram Lab-checkManifestLockResult.txt",
			);
			runOnlyForDeploymentPostprocessing = 0;
			shellPath = /bin/sh;
			shellScript = "diff \"${PODS_PODFILE_DIR_PATH}/Podfile.lock\" \"${PODS_ROOT}/Manifest.lock\" > /dev/null\nif [ $? != 0 ] ; then\n    # print error to STDERR\n    echo \"error: The sandbox is not in sync with the Podfile.lock. Run 'pod install' or update your CocoaPods installation.\" >&2\n    exit 1\nfi\n# This output is used by Xcode 'outputs' to avoid re-running this script phase.\necho \"SUCCESS\" > \"${SCRIPT_OUTPUT_FILE_0}\"\n";
			showEnvVarsInLog = 0;
		};
/* End PBXShellScriptBuildPhase section */

/* Begin PBXSourcesBuildPhase section */
		52CF60112411A89D00F842C4 /* Sources */ = {
			isa = PBXSourcesBuildPhase;
			buildActionMask = 2147483647;
			files = (
				5224F9812415A8D100B124F4 /* FeedVC.swift in Sources */,
				52CF60192411A89D00F842C4 /* AppDelegate.swift in Sources */,
				5224F9852415A8F900B124F4 /* ProfileVC.swift in Sources */,
				52CF601B2411A89D00F842C4 /* SceneDelegate.swift in Sources */,
				5224F9882415AEFF00B124F4 /* Glitch Label.swift in Sources */,
				5224F96E2415527200B124F4 /* DatabaseServices.swift in Sources */,
				5224F9742415538900B124F4 /* InstaModel.swift in Sources */,
				5224F98C2415C5DB00B124F4 /* Designable.swift in Sources */,
				5224F97D24155B3300B124F4 /* MainTab.swift in Sources */,
				5224F9702415528100B124F4 /* StorageServices.swift in Sources */,
				5224F9832415A8E000B124F4 /* UploadVC.swift in Sources */,
				5224F96A2415524D00B124F4 /* LoginVC.swift in Sources */,
				5224F97924155AAB00B124F4 /* UIVC.swift in Sources */,
				5224F96C2415526200B124F4 /* AuthServices.swift in Sources */,
				5224F98A2415C58700B124F4 /* FeedCell.swift in Sources */,
				5224F97F2415A6E400B124F4 /* Alerts.swift in Sources */,
				5224F972241552C200B124F4 /* UIImage.swift in Sources */,
			);
			runOnlyForDeploymentPostprocessing = 0;
		};
/* End PBXSourcesBuildPhase section */

/* Begin PBXVariantGroup section */
		52CF601E2411A89D00F842C4 /* Main.storyboard */ = {
			isa = PBXVariantGroup;
			children = (
				52CF601F2411A89D00F842C4 /* Base */,
			);
			name = Main.storyboard;
			sourceTree = "<group>";
		};
		52CF60232411A8A800F842C4 /* LaunchScreen.storyboard */ = {
			isa = PBXVariantGroup;
			children = (
				52CF60242411A8A800F842C4 /* Base */,
			);
			name = LaunchScreen.storyboard;
			sourceTree = "<group>";
		};
/* End PBXVariantGroup section */

/* Begin XCBuildConfiguration section */
		52CF60272411A8A800F842C4 /* Debug */ = {
			isa = XCBuildConfiguration;
			buildSettings = {
				ALWAYS_SEARCH_USER_PATHS = NO;
				CLANG_ANALYZER_NONNULL = YES;
				CLANG_ANALYZER_NUMBER_OBJECT_CONVERSION = YES_AGGRESSIVE;
				CLANG_CXX_LANGUAGE_STANDARD = "gnu++14";
				CLANG_CXX_LIBRARY = "libc++";
				CLANG_ENABLE_MODULES = YES;
				CLANG_ENABLE_OBJC_ARC = YES;
				CLANG_ENABLE_OBJC_WEAK = YES;
				CLANG_WARN_BLOCK_CAPTURE_AUTORELEASING = YES;
				CLANG_WARN_BOOL_CONVERSION = YES;
				CLANG_WARN_COMMA = YES;
				CLANG_WARN_CONSTANT_CONVERSION = YES;
				CLANG_WARN_DEPRECATED_OBJC_IMPLEMENTATIONS = YES;
				CLANG_WARN_DIRECT_OBJC_ISA_USAGE = YES_ERROR;
				CLANG_WARN_DOCUMENTATION_COMMENTS = YES;
				CLANG_WARN_EMPTY_BODY = YES;
				CLANG_WARN_ENUM_CONVERSION = YES;
				CLANG_WARN_INFINITE_RECURSION = YES;
				CLANG_WARN_INT_CONVERSION = YES;
				CLANG_WARN_NON_LITERAL_NULL_CONVERSION = YES;
				CLANG_WARN_OBJC_IMPLICIT_RETAIN_SELF = YES;
				CLANG_WARN_OBJC_LITERAL_CONVERSION = YES;
				CLANG_WARN_OBJC_ROOT_CLASS = YES_ERROR;
				CLANG_WARN_RANGE_LOOP_ANALYSIS = YES;
				CLANG_WARN_STRICT_PROTOTYPES = YES;
				CLANG_WARN_SUSPICIOUS_MOVE = YES;
				CLANG_WARN_UNGUARDED_AVAILABILITY = YES_AGGRESSIVE;
				CLANG_WARN_UNREACHABLE_CODE = YES;
				CLANG_WARN__DUPLICATE_METHOD_MATCH = YES;
				COPY_PHASE_STRIP = NO;
				DEBUG_INFORMATION_FORMAT = dwarf;
				ENABLE_STRICT_OBJC_MSGSEND = YES;
				ENABLE_TESTABILITY = YES;
				GCC_C_LANGUAGE_STANDARD = gnu11;
				GCC_DYNAMIC_NO_PIC = NO;
				GCC_NO_COMMON_BLOCKS = YES;
				GCC_OPTIMIZATION_LEVEL = 0;
				GCC_PREPROCESSOR_DEFINITIONS = (
					"DEBUG=1",
					"$(inherited)",
				);
				GCC_WARN_64_TO_32_BIT_CONVERSION = YES;
				GCC_WARN_ABOUT_RETURN_TYPE = YES_ERROR;
				GCC_WARN_UNDECLARED_SELECTOR = YES;
				GCC_WARN_UNINITIALIZED_AUTOS = YES_AGGRESSIVE;
				GCC_WARN_UNUSED_FUNCTION = YES;
				GCC_WARN_UNUSED_VARIABLE = YES;
				IPHONEOS_DEPLOYMENT_TARGET = 13.2;
				MTL_ENABLE_DEBUG_INFO = INCLUDE_SOURCE;
				MTL_FAST_MATH = YES;
				ONLY_ACTIVE_ARCH = YES;
				SDKROOT = iphoneos;
				SWIFT_ACTIVE_COMPILATION_CONDITIONS = DEBUG;
				SWIFT_OPTIMIZATION_LEVEL = "-Onone";
			};
			name = Debug;
		};
		52CF60282411A8A800F842C4 /* Release */ = {
			isa = XCBuildConfiguration;
			buildSettings = {
				ALWAYS_SEARCH_USER_PATHS = NO;
				CLANG_ANALYZER_NONNULL = YES;
				CLANG_ANALYZER_NUMBER_OBJECT_CONVERSION = YES_AGGRESSIVE;
				CLANG_CXX_LANGUAGE_STANDARD = "gnu++14";
				CLANG_CXX_LIBRARY = "libc++";
				CLANG_ENABLE_MODULES = YES;
				CLANG_ENABLE_OBJC_ARC = YES;
				CLANG_ENABLE_OBJC_WEAK = YES;
				CLANG_WARN_BLOCK_CAPTURE_AUTORELEASING = YES;
				CLANG_WARN_BOOL_CONVERSION = YES;
				CLANG_WARN_COMMA = YES;
				CLANG_WARN_CONSTANT_CONVERSION = YES;
				CLANG_WARN_DEPRECATED_OBJC_IMPLEMENTATIONS = YES;
				CLANG_WARN_DIRECT_OBJC_ISA_USAGE = YES_ERROR;
				CLANG_WARN_DOCUMENTATION_COMMENTS = YES;
				CLANG_WARN_EMPTY_BODY = YES;
				CLANG_WARN_ENUM_CONVERSION = YES;
				CLANG_WARN_INFINITE_RECURSION = YES;
				CLANG_WARN_INT_CONVERSION = YES;
				CLANG_WARN_NON_LITERAL_NULL_CONVERSION = YES;
				CLANG_WARN_OBJC_IMPLICIT_RETAIN_SELF = YES;
				CLANG_WARN_OBJC_LITERAL_CONVERSION = YES;
				CLANG_WARN_OBJC_ROOT_CLASS = YES_ERROR;
				CLANG_WARN_RANGE_LOOP_ANALYSIS = YES;
				CLANG_WARN_STRICT_PROTOTYPES = YES;
				CLANG_WARN_SUSPICIOUS_MOVE = YES;
				CLANG_WARN_UNGUARDED_AVAILABILITY = YES_AGGRESSIVE;
				CLANG_WARN_UNREACHABLE_CODE = YES;
				CLANG_WARN__DUPLICATE_METHOD_MATCH = YES;
				COPY_PHASE_STRIP = NO;
				DEBUG_INFORMATION_FORMAT = "dwarf-with-dsym";
				ENABLE_NS_ASSERTIONS = NO;
				ENABLE_STRICT_OBJC_MSGSEND = YES;
				GCC_C_LANGUAGE_STANDARD = gnu11;
				GCC_NO_COMMON_BLOCKS = YES;
				GCC_WARN_64_TO_32_BIT_CONVERSION = YES;
				GCC_WARN_ABOUT_RETURN_TYPE = YES_ERROR;
				GCC_WARN_UNDECLARED_SELECTOR = YES;
				GCC_WARN_UNINITIALIZED_AUTOS = YES_AGGRESSIVE;
				GCC_WARN_UNUSED_FUNCTION = YES;
				GCC_WARN_UNUSED_VARIABLE = YES;
				IPHONEOS_DEPLOYMENT_TARGET = 13.2;
				MTL_ENABLE_DEBUG_INFO = NO;
				MTL_FAST_MATH = YES;
				SDKROOT = iphoneos;
				SWIFT_COMPILATION_MODE = wholemodule;
				SWIFT_OPTIMIZATION_LEVEL = "-O";
				VALIDATE_PRODUCT = YES;
			};
			name = Release;
		};
		52CF602A2411A8A800F842C4 /* Debug */ = {
			isa = XCBuildConfiguration;
			baseConfigurationReference = F2A9792D85E743297DC13FC0 /* Pods-Instagram Lab.debug.xcconfig */;
			buildSettings = {
				ASSETCATALOG_COMPILER_APPICON_NAME = AppIcon;
				CODE_SIGN_STYLE = Automatic;
				DEVELOPMENT_TEAM = 83DYP84L8W;
				INFOPLIST_FILE = "Instagram Lab/Info.plist";
				LD_RUNPATH_SEARCH_PATHS = (
					"$(inherited)",
					"@executable_path/Frameworks",
				);
				PRODUCT_BUNDLE_IDENTIFIER = "org.tseringlama.Instagram-Lab";
				PRODUCT_NAME = "$(TARGET_NAME)";
				SWIFT_VERSION = 5.0;
				TARGETED_DEVICE_FAMILY = "1,2";
			};
			name = Debug;
		};
		52CF602B2411A8A800F842C4 /* Release */ = {
			isa = XCBuildConfiguration;
			baseConfigurationReference = A97D530782706DA49E5B02DA /* Pods-Instagram Lab.release.xcconfig */;
			buildSettings = {
				ASSETCATALOG_COMPILER_APPICON_NAME = AppIcon;
				CODE_SIGN_STYLE = Automatic;
				DEVELOPMENT_TEAM = 83DYP84L8W;
				INFOPLIST_FILE = "Instagram Lab/Info.plist";
				LD_RUNPATH_SEARCH_PATHS = (
					"$(inherited)",
					"@executable_path/Frameworks",
				);
				PRODUCT_BUNDLE_IDENTIFIER = "org.tseringlama.Instagram-Lab";
				PRODUCT_NAME = "$(TARGET_NAME)";
				SWIFT_VERSION = 5.0;
				TARGETED_DEVICE_FAMILY = "1,2";
			};
			name = Release;
		};
/* End XCBuildConfiguration section */

/* Begin XCConfigurationList section */
		52CF60102411A89D00F842C4 /* Build configuration list for PBXProject "Instagram Lab" */ = {
			isa = XCConfigurationList;
			buildConfigurations = (
				52CF60272411A8A800F842C4 /* Debug */,
				52CF60282411A8A800F842C4 /* Release */,
			);
			defaultConfigurationIsVisible = 0;
			defaultConfigurationName = Release;
		};
		52CF60292411A8A800F842C4 /* Build configuration list for PBXNativeTarget "Instagram Lab" */ = {
			isa = XCConfigurationList;
			buildConfigurations = (
				52CF602A2411A8A800F842C4 /* Debug */,
				52CF602B2411A8A800F842C4 /* Release */,
			);
			defaultConfigurationIsVisible = 0;
			defaultConfigurationName = Release;
		};
/* End XCConfigurationList section */
	};
	rootObject = 52CF600D2411A89D00F842C4 /* Project object */;
}
